
Microsoft Visual Studio Solution File, Format Version 12.00
# Visual Studio Version 17
VisualStudioVersion = 17.4.33403.182
MinimumVisualStudioVersion = 10.0.40219.1
Project("{FAE04EC0-301F-11D3-BF4B-00C04F79EFBC}") = "MyWebSite", "MyWebSite.csproj", "{E8C8AE61-E66C-40AA-8497-B343C027A057}"
EndProject
Global
	GlobalSection(SolutionConfigurationPlatforms) = preSolution
		Debug|Any CPU = Debug|Any CPU
		Release|Any CPU = Release|Any CPU
	EndGlobalSection
	GlobalSection(ProjectConfigurationPlatforms) = postSolution
		{E8C8AE61-E66C-40AA-8497-B343C027A057}.Debug|Any CPU.ActiveCfg = Debug|Any CPU
		{E8C8AE61-E66C-40AA-8497-B343C027A057}.Debug|Any CPU.Build.0 = Debug|Any CPU
		{E8C8AE61-E66C-40AA-8497-B343C027A057}.Release|Any CPU.ActiveCfg = Release|Any CPU
		{E8C8AE61-E66C-40AA-8497-B343C027A057}.Release|Any CPU.Build.0 = Release|Any CPU
	EndGlobalSection
	GlobalSection(SolutionProperties) = preSolution
		HideSolutionNode = FALSE
	EndGlobalSection
	GlobalSection(ExtensibilityGlobals) = postSolution
		SolutionGuid = {E7A65883-752E-4950-8700-B6170E704130}
	EndGlobalSection
EndGlobal
